Microsoft Visual Studio Solution File, Format Version 12.00
# Visual Studio Version 17
VisualStudioVersion = 17.5.2.0
MinimumVisualStudioVersion = 10.0.40219.1
Project("{FAE04EC0-301F-11D3-BF4B-00C04F79EFBC}") = "MyDashboardApp", "MyDashboardApp.csproj", "{67443DEC-3361-6A53-8FD9-7F2A5A8D204A}"
EndProject
Global
	GlobalSection(SolutionConfigurationPlatforms) = preSolution
		Debug|Any CPU = Debug|Any CPU
		Release|Any CPU = Release|Any CPU
	EndGlobalSection
	GlobalSection(ProjectConfigurationPlatforms) = postSolution
		{67443DEC-3361-6A53-8FD9-7F2A5A8D204A}.Debug|Any CPU.ActiveCfg = Debug|Any CPU
		{67443DEC-3361-6A53-8FD9-7F2A5A8D204A}.Debug|Any CPU.Build.0 = Debug|Any CPU
		{67443DEC-3361-6A53-8FD9-7F2A5A8D204A}.Release|Any CPU.ActiveCfg = Release|Any CPU
		{67443DEC-3361-6A53-8FD9-7F2A5A8D204A}.Release|Any CPU.Build.0 = Release|Any CPU
	EndGlobalSection
	GlobalSection(SolutionProperties) = preSolution
		HideSolutionNode = FALSE
	EndGlobalSection
	GlobalSection(ExtensibilityGlobals) = postSolution
		SolutionGuid = {7868E876-5594-4EC5-B58C-8E3EE03664AE}
	EndGlobalSection
EndGlobal
